
Microsoft Visual Studio Solution File, Format Version 12.00
# Visual Studio Version 17
VisualStudioVersion = 17.13.35919.96 d17.13
MinimumVisualStudioVersion = 10.0.40219.1
Project("{FAE04EC0-301F-11D3-BF4B-00C04F79EFBC}") = "gt-turing-backend", "gt-turing-backend\gt-turing-backend.csproj", "{EE10DA5E-602C-4A4C-AEA9-7BF42EA7EC71}"
EndProject
Global
	GlobalSection(SolutionConfigurationPlatforms) = preSolution
		Debug|Any CPU = Debug|Any CPU
		Release|Any CPU = Release|Any CPU
	EndGlobalSection
	GlobalSection(ProjectConfigurationPlatforms) = postSolution
		{EE10DA5E-602C-4A4C-AEA9-7BF42EA7EC71}.Debug|Any CPU.ActiveCfg = Debug|Any CPU
		{EE10DA5E-602C-4A4C-AEA9-7BF42EA7EC71}.Debug|Any CPU.Build.0 = Debug|Any CPU
		{EE10DA5E-602C-4A4C-AEA9-7BF42EA7EC71}.Release|Any CPU.ActiveCfg = Release|Any CPU
		{EE10DA5E-602C-4A4C-AEA9-7BF42EA7EC71}.Release|Any CPU.Build.0 = Release|Any CPU
	EndGlobalSection
	GlobalSection(SolutionProperties) = preSolution
		HideSolutionNode = FALSE
	EndGlobalSection
	GlobalSection(ExtensibilityGlobals) = postSolution
		SolutionGuid = {1AE87BCE-3CD7-44E6-A53E-22BCF879F4CB}
	EndGlobalSection
EndGlobal
