Microsoft Visual Studio Solution File, Format Version 12.00
# Visual Studio Version 17
VisualStudioVersion = 17.5.2.0
MinimumVisualStudioVersion = 10.0.40219.1
Project("{2150E333-8FDC-42A3-9474-1A3956D46DE8}") = "gt-turing-backend", "gt-turing-backend", "{5C30732C-88C4-A162-405A-A0CCD5209C52}"
EndProject
Project("{FAE04EC0-301F-11D3-BF4B-00C04F79EFBC}") = "gt-turing-backend", "gt-turing-backend\gt-turing-backend\gt-turing-backend.csproj", "{98100E6F-74C3-DDE8-4997-7E2E51288515}"
EndProject
Global
	GlobalSection(SolutionConfigurationPlatforms) = preSolution
		Debug|Any CPU = Debug|Any CPU
		Release|Any CPU = Release|Any CPU
	EndGlobalSection
	GlobalSection(ProjectConfigurationPlatforms) = postSolution
		{98100E6F-74C3-DDE8-4997-7E2E51288515}.Debug|Any CPU.ActiveCfg = Debug|Any CPU
		{98100E6F-74C3-DDE8-4997-7E2E51288515}.Debug|Any CPU.Build.0 = Debug|Any CPU
		{98100E6F-74C3-DDE8-4997-7E2E51288515}.Release|Any CPU.ActiveCfg = Release|Any CPU
		{98100E6F-74C3-DDE8-4997-7E2E51288515}.Release|Any CPU.Build.0 = Release|Any CPU
	EndGlobalSection
	GlobalSection(SolutionProperties) = preSolution
		HideSolutionNode = FALSE
	EndGlobalSection
	GlobalSection(NestedProjects) = preSolution
		{98100E6F-74C3-DDE8-4997-7E2E51288515} = {5C30732C-88C4-A162-405A-A0CCD5209C52}
	EndGlobalSection
	GlobalSection(ExtensibilityGlobals) = postSolution
		SolutionGuid = {3B0D6602-9F56-4766-A9C1-00316EF04DBA}
	EndGlobalSection
EndGlobal
